
Microsoft Visual Studio Solution File, Format Version 12.00
# Visual Studio Version 17
VisualStudioVersion = 17.9.34622.214
MinimumVisualStudioVersion = 10.0.40219.1
<<<<<<< HEAD
Project("{9A19103F-16F7-4668-BE54-9A1E7A4F7556}") = "BLL", "BLL\BLL.csproj", "{96A6B959-8569-4873-BE86-EF4B16D47917}"
EndProject
Project("{9A19103F-16F7-4668-BE54-9A1E7A4F7556}") = "Test", "Test\Test.csproj", "{C80DFC11-8633-4AC8-B14D-D8D99A99BCCD}"
EndProject
Project("{9A19103F-16F7-4668-BE54-9A1E7A4F7556}") = "Web", "Web\Web.csproj", "{432A4823-42DB-43F7-84DA-4233AAE7D85C}"
EndProject
Project("{9A19103F-16F7-4668-BE54-9A1E7A4F7556}") = "Interfaces", "Interfaces\Interfaces.csproj", "{33C274EA-CB34-41E6-A686-45AF2B1F5C1E}"
EndProject
Project("{9A19103F-16F7-4668-BE54-9A1E7A4F7556}") = "DAL", "DAL\DAL.csproj", "{AFA5460C-7139-4D98-9D1E-420DC93DFF97}"
EndProject
Project("{9A19103F-16F7-4668-BE54-9A1E7A4F7556}") = "Domain", "Domain\Domain.csproj", "{525A1F4F-2528-404B-961F-1A51CD3CB4A9}"
EndProject
Project("{9A19103F-16F7-4668-BE54-9A1E7A4F7556}") = "DAL Factory", "DAL Factory\DAL Factory.csproj", "{50B22FF1-A1AD-49B4-A333-84A191A30A03}"
EndProject
Project("{9A19103F-16F7-4668-BE54-9A1E7A4F7556}") = "DAL EF Core", "DAL EF Core\DAL EF Core.csproj", "{0BA51F6D-0D79-449A-B4D2-FAE4C1E5760B}"
=======
Project("{9A19103F-16F7-4668-BE54-9A1E7A4F7556}") = "TradeMate Business", "TradeMate Business\TradeMate Business.csproj", "{96A6B959-8569-4873-BE86-EF4B16D47917}"
EndProject
Project("{9A19103F-16F7-4668-BE54-9A1E7A4F7556}") = "TradeMate Test", "TradeMate Test\TradeMate Test.csproj", "{C80DFC11-8633-4AC8-B14D-D8D99A99BCCD}"
EndProject
Project("{9A19103F-16F7-4668-BE54-9A1E7A4F7556}") = "TradeMate App", "TradeMate App\TradeMate App.csproj", "{432A4823-42DB-43F7-84DA-4233AAE7D85C}"
EndProject
Project("{9A19103F-16F7-4668-BE54-9A1E7A4F7556}") = "TradeMate Data", "TradeMate Data\TradeMate Data.csproj", "{C6790074-87E0-4952-8E1B-1BE5AA0D1926}"
>>>>>>> 18a6114e3b9a14f2fd25ae9bde0ca0f20161e8ef
EndProject
Global
	GlobalSection(SolutionConfigurationPlatforms) = preSolution
		Debug|Any CPU = Debug|Any CPU
		Release|Any CPU = Release|Any CPU
	EndGlobalSection
	GlobalSection(ProjectConfigurationPlatforms) = postSolution
		{96A6B959-8569-4873-BE86-EF4B16D47917}.Debug|Any CPU.ActiveCfg = Debug|Any CPU
		{96A6B959-8569-4873-BE86-EF4B16D47917}.Debug|Any CPU.Build.0 = Debug|Any CPU
		{96A6B959-8569-4873-BE86-EF4B16D47917}.Release|Any CPU.ActiveCfg = Release|Any CPU
		{96A6B959-8569-4873-BE86-EF4B16D47917}.Release|Any CPU.Build.0 = Release|Any CPU
		{C80DFC11-8633-4AC8-B14D-D8D99A99BCCD}.Debug|Any CPU.ActiveCfg = Debug|Any CPU
		{C80DFC11-8633-4AC8-B14D-D8D99A99BCCD}.Debug|Any CPU.Build.0 = Debug|Any CPU
		{C80DFC11-8633-4AC8-B14D-D8D99A99BCCD}.Release|Any CPU.ActiveCfg = Release|Any CPU
		{C80DFC11-8633-4AC8-B14D-D8D99A99BCCD}.Release|Any CPU.Build.0 = Release|Any CPU
		{432A4823-42DB-43F7-84DA-4233AAE7D85C}.Debug|Any CPU.ActiveCfg = Debug|Any CPU
		{432A4823-42DB-43F7-84DA-4233AAE7D85C}.Debug|Any CPU.Build.0 = Debug|Any CPU
		{432A4823-42DB-43F7-84DA-4233AAE7D85C}.Release|Any CPU.ActiveCfg = Release|Any CPU
		{432A4823-42DB-43F7-84DA-4233AAE7D85C}.Release|Any CPU.Build.0 = Release|Any CPU
<<<<<<< HEAD
		{33C274EA-CB34-41E6-A686-45AF2B1F5C1E}.Debug|Any CPU.ActiveCfg = Debug|Any CPU
		{33C274EA-CB34-41E6-A686-45AF2B1F5C1E}.Debug|Any CPU.Build.0 = Debug|Any CPU
		{33C274EA-CB34-41E6-A686-45AF2B1F5C1E}.Release|Any CPU.ActiveCfg = Release|Any CPU
		{33C274EA-CB34-41E6-A686-45AF2B1F5C1E}.Release|Any CPU.Build.0 = Release|Any CPU
		{AFA5460C-7139-4D98-9D1E-420DC93DFF97}.Debug|Any CPU.ActiveCfg = Debug|Any CPU
		{AFA5460C-7139-4D98-9D1E-420DC93DFF97}.Debug|Any CPU.Build.0 = Debug|Any CPU
		{AFA5460C-7139-4D98-9D1E-420DC93DFF97}.Release|Any CPU.ActiveCfg = Release|Any CPU
		{AFA5460C-7139-4D98-9D1E-420DC93DFF97}.Release|Any CPU.Build.0 = Release|Any CPU
		{525A1F4F-2528-404B-961F-1A51CD3CB4A9}.Debug|Any CPU.ActiveCfg = Debug|Any CPU
		{525A1F4F-2528-404B-961F-1A51CD3CB4A9}.Debug|Any CPU.Build.0 = Debug|Any CPU
		{525A1F4F-2528-404B-961F-1A51CD3CB4A9}.Release|Any CPU.ActiveCfg = Release|Any CPU
		{525A1F4F-2528-404B-961F-1A51CD3CB4A9}.Release|Any CPU.Build.0 = Release|Any CPU
		{50B22FF1-A1AD-49B4-A333-84A191A30A03}.Debug|Any CPU.ActiveCfg = Debug|Any CPU
		{50B22FF1-A1AD-49B4-A333-84A191A30A03}.Debug|Any CPU.Build.0 = Debug|Any CPU
		{50B22FF1-A1AD-49B4-A333-84A191A30A03}.Release|Any CPU.ActiveCfg = Release|Any CPU
		{50B22FF1-A1AD-49B4-A333-84A191A30A03}.Release|Any CPU.Build.0 = Release|Any CPU
		{0BA51F6D-0D79-449A-B4D2-FAE4C1E5760B}.Debug|Any CPU.ActiveCfg = Debug|Any CPU
		{0BA51F6D-0D79-449A-B4D2-FAE4C1E5760B}.Debug|Any CPU.Build.0 = Debug|Any CPU
		{0BA51F6D-0D79-449A-B4D2-FAE4C1E5760B}.Release|Any CPU.ActiveCfg = Release|Any CPU
		{0BA51F6D-0D79-449A-B4D2-FAE4C1E5760B}.Release|Any CPU.Build.0 = Release|Any CPU
=======
		{C6790074-87E0-4952-8E1B-1BE5AA0D1926}.Debug|Any CPU.ActiveCfg = Debug|Any CPU
		{C6790074-87E0-4952-8E1B-1BE5AA0D1926}.Debug|Any CPU.Build.0 = Debug|Any CPU
		{C6790074-87E0-4952-8E1B-1BE5AA0D1926}.Release|Any CPU.ActiveCfg = Release|Any CPU
		{C6790074-87E0-4952-8E1B-1BE5AA0D1926}.Release|Any CPU.Build.0 = Release|Any CPU
>>>>>>> 18a6114e3b9a14f2fd25ae9bde0ca0f20161e8ef
	EndGlobalSection
	GlobalSection(SolutionProperties) = preSolution
		HideSolutionNode = FALSE
	EndGlobalSection
	GlobalSection(ExtensibilityGlobals) = postSolution
		SolutionGuid = {F9D206D1-807E-40FB-BA9B-46BA9C3C76D8}
	EndGlobalSection
EndGlobal
